
Microsoft Visual Studio Solution File, Format Version 12.00
# Visual Studio 14
VisualStudioVersion = 14.0.25123.0
MinimumVisualStudioVersion = 10.0.40219.1
Project("{FAE04EC0-301F-11D3-BF4B-00C04F79EFBC}") = "HMM", "HMM\HMM.csproj", "{F5218E2A-7ABF-4C00-AB95-7E1A449224C1}"
EndProject
Project("{FAE04EC0-301F-11D3-BF4B-00C04F79EFBC}") = "Tests", "Tests\Tests.csproj", "{9132E851-0F98-49A1-8788-4FEAA4330910}"
EndProject
Global
	GlobalSection(SolutionConfigurationPlatforms) = preSolution
		Debug|Any CPU = Debug|Any CPU
		Release|Any CPU = Release|Any CPU
	EndGlobalSection
	GlobalSection(ProjectConfigurationPlatforms) = postSolution
		{F5218E2A-7ABF-4C00-AB95-7E1A449224C1}.Debug|Any CPU.ActiveCfg = Debug|Any CPU
		{F5218E2A-7ABF-4C00-AB95-7E1A449224C1}.Debug|Any CPU.Build.0 = Debug|Any CPU
		{F5218E2A-7ABF-4C00-AB95-7E1A449224C1}.Release|Any CPU.ActiveCfg = Release|Any CPU
		{F5218E2A-7ABF-4C00-AB95-7E1A449224C1}.Release|Any CPU.Build.0 = Release|Any CPU
		{9132E851-0F98-49A1-8788-4FEAA4330910}.Debug|Any CPU.ActiveCfg = Debug|Any CPU
		{9132E851-0F98-49A1-8788-4FEAA4330910}.Debug|Any CPU.Build.0 = Debug|Any CPU
		{9132E851-0F98-49A1-8788-4FEAA4330910}.Release|Any CPU.ActiveCfg = Release|Any CPU
		{9132E851-0F98-49A1-8788-4FEAA4330910}.Release|Any CPU.Build.0 = Release|Any CPU
	EndGlobalSection
	GlobalSection(SolutionProperties) = preSolution
		HideSolutionNode = FALSE
	EndGlobalSection
EndGlobal
